# THIS IS AN AUTOGENERATED FILE. DO NOT EDIT THIS FILE DIRECTLY.
# yarn lockfile v1


"@aws-crypto/ie11-detection@^2.0.0":
  version "2.0.2"
  resolved "https://registry.npmjs.org/@aws-crypto/ie11-detection/-/ie11-detection-2.0.2.tgz"
  dependencies:
    tslib "^1.11.1"

"@aws-crypto/sha256-browser@2.0.0":
  version "2.0.0"
  resolved "https://registry.npmjs.org/@aws-crypto/sha256-browser/-/sha256-browser-2.0.0.tgz"
  dependencies:
    "@aws-crypto/ie11-detection" "^2.0.0"
    "@aws-crypto/sha256-js" "^2.0.0"
    "@aws-crypto/supports-web-crypto" "^2.0.0"
    "@aws-crypto/util" "^2.0.0"
    "@aws-sdk/types" "^3.1.0"
    "@aws-sdk/util-locate-window" "^3.0.0"
    "@aws-sdk/util-utf8-browser" "^3.0.0"
    tslib "^1.11.1"

"@aws-crypto/sha256-js@2.0.0", "@aws-crypto/sha256-js@^2.0.0":
  version "2.0.0"
  resolved "https://registry.npmjs.org/@aws-crypto/sha256-js/-/sha256-js-2.0.0.tgz"
  dependencies:
    "@aws-crypto/util" "^2.0.0"
    "@aws-sdk/types" "^3.1.0"
    tslib "^1.11.1"

"@aws-crypto/supports-web-crypto@^2.0.0":
  version "2.0.2"
  resolved "https://registry.npmjs.org/@aws-crypto/supports-web-crypto/-/supports-web-crypto-2.0.2.tgz"
  dependencies:
    tslib "^1.11.1"

"@aws-crypto/util@^2.0.0":
  version "2.0.2"
  resolved "https://registry.npmjs.org/@aws-crypto/util/-/util-2.0.2.tgz"
  dependencies:
    "@aws-sdk/types" "^3.110.0"
    "@aws-sdk/util-utf8-browser" "^3.0.0"
    tslib "^1.11.1"

"@aws-sdk/abort-controller@3.215.0":
  version "3.215.0"
  resolved "https://registry.npmjs.org/@aws-sdk/abort-controller/-/abort-controller-3.215.0.tgz"
  dependencies:
    "@aws-sdk/types" "3.215.0"
    tslib "^2.3.1"

"@aws-sdk/client-cognito-identity@3.216.0":
  version "3.216.0"
  resolved "https://registry.npmjs.org/@aws-sdk/client-cognito-identity/-/client-cognito-identity-3.216.0.tgz"
  dependencies:
    "@aws-crypto/sha256-browser" "2.0.0"
    "@aws-crypto/sha256-js" "2.0.0"
    "@aws-sdk/client-sts" "3.216.0"
    "@aws-sdk/config-resolver" "3.215.0"
    "@aws-sdk/credential-provider-node" "3.216.0"
    "@aws-sdk/fetch-http-handler" "3.215.0"
    "@aws-sdk/hash-node" "3.215.0"
    "@aws-sdk/invalid-dependency" "3.215.0"
    "@aws-sdk/middleware-content-length" "3.215.0"
    "@aws-sdk/middleware-endpoint" "3.215.0"
    "@aws-sdk/middleware-host-header" "3.215.0"
    "@aws-sdk/middleware-logger" "3.215.0"
    "@aws-sdk/middleware-recursion-detection" "3.215.0"
    "@aws-sdk/middleware-retry" "3.215.0"
    "@aws-sdk/middleware-serde" "3.215.0"
    "@aws-sdk/middleware-signing" "3.215.0"
    "@aws-sdk/middleware-stack" "3.215.0"
    "@aws-sdk/middleware-user-agent" "3.215.0"
    "@aws-sdk/node-config-provider" "3.215.0"
    "@aws-sdk/node-http-handler" "3.215.0"
    "@aws-sdk/protocol-http" "3.215.0"
    "@aws-sdk/smithy-client" "3.215.0"
    "@aws-sdk/types" "3.215.0"
    "@aws-sdk/url-parser" "3.215.0"
    "@aws-sdk/util-base64" "3.208.0"
    "@aws-sdk/util-body-length-browser" "3.188.0"
    "@aws-sdk/util-body-length-node" "3.208.0"
    "@aws-sdk/util-defaults-mode-browser" "3.215.0"
    "@aws-sdk/util-defaults-mode-node" "3.215.0"
    "@aws-sdk/util-endpoints" "3.216.0"
    "@aws-sdk/util-user-agent-browser" "3.215.0"
    "@aws-sdk/util-user-agent-node" "3.215.0"
    "@aws-sdk/util-utf8-browser" "3.188.0"
    "@aws-sdk/util-utf8-node" "3.208.0"
    tslib "^2.3.1"

"@aws-sdk/client-sso-oidc@3.216.0":
  version "3.216.0"
  resolved "https://registry.npmjs.org/@aws-sdk/client-sso-oidc/-/client-sso-oidc-3.216.0.tgz"
  dependencies:
    "@aws-crypto/sha256-browser" "2.0.0"
    "@aws-crypto/sha256-js" "2.0.0"
    "@aws-sdk/config-resolver" "3.215.0"
    "@aws-sdk/fetch-http-handler" "3.215.0"
    "@aws-sdk/hash-node" "3.215.0"
    "@aws-sdk/invalid-dependency" "3.215.0"
    "@aws-sdk/middleware-content-length" "3.215.0"
    "@aws-sdk/middleware-endpoint" "3.215.0"
    "@aws-sdk/middleware-host-header" "3.215.0"
    "@aws-sdk/middleware-logger" "3.215.0"
    "@aws-sdk/middleware-recursion-detection" "3.215.0"
    "@aws-sdk/middleware-retry" "3.215.0"
    "@aws-sdk/middleware-serde" "3.215.0"
    "@aws-sdk/middleware-stack" "3.215.0"
    "@aws-sdk/middleware-user-agent" "3.215.0"
    "@aws-sdk/node-config-provider" "3.215.0"
    "@aws-sdk/node-http-handler" "3.215.0"
    "@aws-sdk/protocol-http" "3.215.0"
    "@aws-sdk/smithy-client" "3.215.0"
    "@aws-sdk/types" "3.215.0"
    "@aws-sdk/url-parser" "3.215.0"
    "@aws-sdk/util-base64" "3.208.0"
    "@aws-sdk/util-body-length-browser" "3.188.0"
    "@aws-sdk/util-body-length-node" "3.208.0"
    "@aws-sdk/util-defaults-mode-browser" "3.215.0"
    "@aws-sdk/util-defaults-mode-node" "3.215.0"
    "@aws-sdk/util-endpoints" "3.216.0"
    "@aws-sdk/util-user-agent-browser" "3.215.0"
    "@aws-sdk/util-user-agent-node" "3.215.0"
    "@aws-sdk/util-utf8-browser" "3.188.0"
    "@aws-sdk/util-utf8-node" "3.208.0"
    tslib "^2.3.1"

"@aws-sdk/client-sso@3.216.0":
  version "3.216.0"
  resolved "https://registry.npmjs.org/@aws-sdk/client-sso/-/client-sso-3.216.0.tgz"
  dependencies:
    "@aws-crypto/sha256-browser" "2.0.0"
    "@aws-crypto/sha256-js" "2.0.0"
    "@aws-sdk/config-resolver" "3.215.0"
    "@aws-sdk/fetch-http-handler" "3.215.0"
    "@aws-sdk/hash-node" "3.215.0"
    "@aws-sdk/invalid-dependency" "3.215.0"
    "@aws-sdk/middleware-content-length" "3.215.0"
    "@aws-sdk/middleware-endpoint" "3.215.0"
    "@aws-sdk/middleware-host-header" "3.215.0"
    "@aws-sdk/middleware-logger" "3.215.0"
    "@aws-sdk/middleware-recursion-detection" "3.215.0"
    "@aws-sdk/middleware-retry" "3.215.0"
    "@aws-sdk/middleware-serde" "3.215.0"
    "@aws-sdk/middleware-stack" "3.215.0"
    "@aws-sdk/middleware-user-agent" "3.215.0"
    "@aws-sdk/node-config-provider" "3.215.0"
    "@aws-sdk/node-http-handler" "3.215.0"
    "@aws-sdk/protocol-http" "3.215.0"
    "@aws-sdk/smithy-client" "3.215.0"
    "@aws-sdk/types" "3.215.0"
    "@aws-sdk/url-parser" "3.215.0"
    "@aws-sdk/util-base64" "3.208.0"
    "@aws-sdk/util-body-length-browser" "3.188.0"
    "@aws-sdk/util-body-length-node" "3.208.0"
    "@aws-sdk/util-defaults-mode-browser" "3.215.0"
    "@aws-sdk/util-defaults-mode-node" "3.215.0"
    "@aws-sdk/util-endpoints" "3.216.0"
    "@aws-sdk/util-user-agent-browser" "3.215.0"
    "@aws-sdk/util-user-agent-node" "3.215.0"
    "@aws-sdk/util-utf8-browser" "3.188.0"
    "@aws-sdk/util-utf8-node" "3.208.0"
    tslib "^2.3.1"

"@aws-sdk/client-sts@3.216.0":
  version "3.216.0"
  resolved "https://registry.npmjs.org/@aws-sdk/client-sts/-/client-sts-3.216.0.tgz"
  dependencies:
    "@aws-crypto/sha256-browser" "2.0.0"
    "@aws-crypto/sha256-js" "2.0.0"
    "@aws-sdk/config-resolver" "3.215.0"
    "@aws-sdk/credential-provider-node" "3.216.0"
    "@aws-sdk/fetch-http-handler" "3.215.0"
    "@aws-sdk/hash-node" "3.215.0"
    "@aws-sdk/invalid-dependency" "3.215.0"
    "@aws-sdk/middleware-content-length" "3.215.0"
    "@aws-sdk/middleware-endpoint" "3.215.0"
    "@aws-sdk/middleware-host-header" "3.215.0"
    "@aws-sdk/middleware-logger" "3.215.0"
    "@aws-sdk/middleware-recursion-detection" "3.215.0"
    "@aws-sdk/middleware-retry" "3.215.0"
    "@aws-sdk/middleware-sdk-sts" "3.215.0"
    "@aws-sdk/middleware-serde" "3.215.0"
    "@aws-sdk/middleware-signing" "3.215.0"
    "@aws-sdk/middleware-stack" "3.215.0"
    "@aws-sdk/middleware-user-agent" "3.215.0"
    "@aws-sdk/node-config-provider" "3.215.0"
    "@aws-sdk/node-http-handler" "3.215.0"
    "@aws-sdk/protocol-http" "3.215.0"
    "@aws-sdk/smithy-client" "3.215.0"
    "@aws-sdk/types" "3.215.0"
    "@aws-sdk/url-parser" "3.215.0"
    "@aws-sdk/util-base64" "3.208.0"
    "@aws-sdk/util-body-length-browser" "3.188.0"
    "@aws-sdk/util-body-length-node" "3.208.0"
    "@aws-sdk/util-defaults-mode-browser" "3.215.0"
    "@aws-sdk/util-defaults-mode-node" "3.215.0"
    "@aws-sdk/util-endpoints" "3.216.0"
    "@aws-sdk/util-user-agent-browser" "3.215.0"
    "@aws-sdk/util-user-agent-node" "3.215.0"
    "@aws-sdk/util-utf8-browser" "3.188.0"
    "@aws-sdk/util-utf8-node" "3.208.0"
    fast-xml-parser "4.0.11"
    tslib "^2.3.1"

"@aws-sdk/config-resolver@3.215.0":
  version "3.215.0"
  resolved "https://registry.npmjs.org/@aws-sdk/config-resolver/-/config-resolver-3.215.0.tgz"
  dependencies:
    "@aws-sdk/signature-v4" "3.215.0"
    "@aws-sdk/types" "3.215.0"
    "@aws-sdk/util-config-provider" "3.208.0"
    "@aws-sdk/util-middleware" "3.215.0"
    tslib "^2.3.1"

"@aws-sdk/credential-provider-cognito-identity@3.216.0":
  version "3.216.0"
  resolved "https://registry.npmjs.org/@aws-sdk/credential-provider-cognito-identity/-/credential-provider-cognito-identity-3.216.0.tgz"
  dependencies:
    "@aws-sdk/client-cognito-identity" "3.216.0"
    "@aws-sdk/property-provider" "3.215.0"
    "@aws-sdk/types" "3.215.0"
    tslib "^2.3.1"

"@aws-sdk/credential-provider-env@3.215.0":
  version "3.215.0"
  resolved "https://registry.npmjs.org/@aws-sdk/credential-provider-env/-/credential-provider-env-3.215.0.tgz"
  dependencies:
    "@aws-sdk/property-provider" "3.215.0"
    "@aws-sdk/types" "3.215.0"
    tslib "^2.3.1"

"@aws-sdk/credential-provider-imds@3.215.0":
  version "3.215.0"
  resolved "https://registry.npmjs.org/@aws-sdk/credential-provider-imds/-/credential-provider-imds-3.215.0.tgz"
  dependencies:
    "@aws-sdk/node-config-provider" "3.215.0"
    "@aws-sdk/property-provider" "3.215.0"
    "@aws-sdk/types" "3.215.0"
    "@aws-sdk/url-parser" "3.215.0"
    tslib "^2.3.1"

"@aws-sdk/credential-provider-ini@3.216.0":
  version "3.216.0"
  resolved "https://registry.npmjs.org/@aws-sdk/credential-provider-ini/-/credential-provider-ini-3.216.0.tgz"
  dependencies:
    "@aws-sdk/credential-provider-env" "3.215.0"
    "@aws-sdk/credential-provider-imds" "3.215.0"
    "@aws-sdk/credential-provider-sso" "3.216.0"
    "@aws-sdk/credential-provider-web-identity" "3.215.0"
    "@aws-sdk/property-provider" "3.215.0"
    "@aws-sdk/shared-ini-file-loader" "3.215.0"
    "@aws-sdk/types" "3.215.0"
    tslib "^2.3.1"

"@aws-sdk/credential-provider-node@3.216.0":
  version "3.216.0"
  resolved "https://registry.npmjs.org/@aws-sdk/credential-provider-node/-/credential-provider-node-3.216.0.tgz"
  dependencies:
    "@aws-sdk/credential-provider-env" "3.215.0"
    "@aws-sdk/credential-provider-imds" "3.215.0"
    "@aws-sdk/credential-provider-ini" "3.216.0"
    "@aws-sdk/credential-provider-process" "3.215.0"
    "@aws-sdk/credential-provider-sso" "3.216.0"
    "@aws-sdk/credential-provider-web-identity" "3.215.0"
    "@aws-sdk/property-provider" "3.215.0"
    "@aws-sdk/shared-ini-file-loader" "3.215.0"
    "@aws-sdk/types" "3.215.0"
    tslib "^2.3.1"

"@aws-sdk/credential-provider-process@3.215.0":
  version "3.215.0"
  resolved "https://registry.npmjs.org/@aws-sdk/credential-provider-process/-/credential-provider-process-3.215.0.tgz"
  dependencies:
    "@aws-sdk/property-provider" "3.215.0"
    "@aws-sdk/shared-ini-file-loader" "3.215.0"
    "@aws-sdk/types" "3.215.0"
    tslib "^2.3.1"

"@aws-sdk/credential-provider-sso@3.216.0":
  version "3.216.0"
  resolved "https://registry.npmjs.org/@aws-sdk/credential-provider-sso/-/credential-provider-sso-3.216.0.tgz"
  dependencies:
    "@aws-sdk/client-sso" "3.216.0"
    "@aws-sdk/property-provider" "3.215.0"
    "@aws-sdk/shared-ini-file-loader" "3.215.0"
    "@aws-sdk/token-providers" "3.216.0"
    "@aws-sdk/types" "3.215.0"
    tslib "^2.3.1"

"@aws-sdk/credential-provider-web-identity@3.215.0":
  version "3.215.0"
  resolved "https://registry.npmjs.org/@aws-sdk/credential-provider-web-identity/-/credential-provider-web-identity-3.215.0.tgz"
  dependencies:
    "@aws-sdk/property-provider" "3.215.0"
    "@aws-sdk/types" "3.215.0"
    tslib "^2.3.1"

"@aws-sdk/credential-providers@^3.186.0":
  version "3.216.0"
  resolved "https://registry.npmjs.org/@aws-sdk/credential-providers/-/credential-providers-3.216.0.tgz"
  dependencies:
    "@aws-sdk/client-cognito-identity" "3.216.0"
    "@aws-sdk/client-sso" "3.216.0"
    "@aws-sdk/client-sts" "3.216.0"
    "@aws-sdk/credential-provider-cognito-identity" "3.216.0"
    "@aws-sdk/credential-provider-env" "3.215.0"
    "@aws-sdk/credential-provider-imds" "3.215.0"
    "@aws-sdk/credential-provider-ini" "3.216.0"
    "@aws-sdk/credential-provider-node" "3.216.0"
    "@aws-sdk/credential-provider-process" "3.215.0"
    "@aws-sdk/credential-provider-sso" "3.216.0"
    "@aws-sdk/credential-provider-web-identity" "3.215.0"
    "@aws-sdk/property-provider" "3.215.0"
    "@aws-sdk/shared-ini-file-loader" "3.215.0"
    "@aws-sdk/types" "3.215.0"
    tslib "^2.3.1"

"@aws-sdk/fetch-http-handler@3.215.0":
  version "3.215.0"
  resolved "https://registry.npmjs.org/@aws-sdk/fetch-http-handler/-/fetch-http-handler-3.215.0.tgz"
  dependencies:
    "@aws-sdk/protocol-http" "3.215.0"
    "@aws-sdk/querystring-builder" "3.215.0"
    "@aws-sdk/types" "3.215.0"
    "@aws-sdk/util-base64" "3.208.0"
    tslib "^2.3.1"

"@aws-sdk/hash-node@3.215.0":
  version "3.215.0"
  resolved "https://registry.npmjs.org/@aws-sdk/hash-node/-/hash-node-3.215.0.tgz"
  dependencies:
    "@aws-sdk/types" "3.215.0"
    "@aws-sdk/util-buffer-from" "3.208.0"
    tslib "^2.3.1"

"@aws-sdk/invalid-dependency@3.215.0":
  version "3.215.0"
  resolved "https://registry.npmjs.org/@aws-sdk/invalid-dependency/-/invalid-dependency-3.215.0.tgz"
  dependencies:
    "@aws-sdk/types" "3.215.0"
    tslib "^2.3.1"

"@aws-sdk/is-array-buffer@3.201.0":
  version "3.201.0"
  resolved "https://registry.npmjs.org/@aws-sdk/is-array-buffer/-/is-array-buffer-3.201.0.tgz"
  dependencies:
    tslib "^2.3.1"

"@aws-sdk/middleware-content-length@3.215.0":
  version "3.215.0"
  resolved "https://registry.npmjs.org/@aws-sdk/middleware-content-length/-/middleware-content-length-3.215.0.tgz"
  dependencies:
    "@aws-sdk/protocol-http" "3.215.0"
    "@aws-sdk/types" "3.215.0"
    tslib "^2.3.1"

"@aws-sdk/middleware-endpoint@3.215.0":
  version "3.215.0"
  resolved "https://registry.npmjs.org/@aws-sdk/middleware-endpoint/-/middleware-endpoint-3.215.0.tgz"
  dependencies:
    "@aws-sdk/middleware-serde" "3.215.0"
    "@aws-sdk/protocol-http" "3.215.0"
    "@aws-sdk/signature-v4" "3.215.0"
    "@aws-sdk/types" "3.215.0"
    "@aws-sdk/url-parser" "3.215.0"
    "@aws-sdk/util-config-provider" "3.208.0"
    "@aws-sdk/util-middleware" "3.215.0"
    tslib "^2.3.1"

"@aws-sdk/middleware-host-header@3.215.0":
  version "3.215.0"
  resolved "https://registry.npmjs.org/@aws-sdk/middleware-host-header/-/middleware-host-header-3.215.0.tgz"
  dependencies:
    "@aws-sdk/protocol-http" "3.215.0"
    "@aws-sdk/types" "3.215.0"
    tslib "^2.3.1"

"@aws-sdk/middleware-logger@3.215.0":
  version "3.215.0"
  resolved "https://registry.npmjs.org/@aws-sdk/middleware-logger/-/middleware-logger-3.215.0.tgz"
  dependencies:
    "@aws-sdk/types" "3.215.0"
    tslib "^2.3.1"

"@aws-sdk/middleware-recursion-detection@3.215.0":
  version "3.215.0"
  resolved "https://registry.npmjs.org/@aws-sdk/middleware-recursion-detection/-/middleware-recursion-detection-3.215.0.tgz"
  dependencies:
    "@aws-sdk/protocol-http" "3.215.0"
    "@aws-sdk/types" "3.215.0"
    tslib "^2.3.1"

"@aws-sdk/middleware-retry@3.215.0":
  version "3.215.0"
  resolved "https://registry.npmjs.org/@aws-sdk/middleware-retry/-/middleware-retry-3.215.0.tgz"
  dependencies:
    "@aws-sdk/protocol-http" "3.215.0"
    "@aws-sdk/service-error-classification" "3.215.0"
    "@aws-sdk/types" "3.215.0"
    "@aws-sdk/util-middleware" "3.215.0"
    tslib "^2.3.1"
    uuid "^8.3.2"

"@aws-sdk/middleware-sdk-sts@3.215.0":
  version "3.215.0"
  resolved "https://registry.npmjs.org/@aws-sdk/middleware-sdk-sts/-/middleware-sdk-sts-3.215.0.tgz"
  dependencies:
    "@aws-sdk/middleware-signing" "3.215.0"
    "@aws-sdk/property-provider" "3.215.0"
    "@aws-sdk/protocol-http" "3.215.0"
    "@aws-sdk/signature-v4" "3.215.0"
    "@aws-sdk/types" "3.215.0"
    tslib "^2.3.1"

"@aws-sdk/middleware-serde@3.215.0":
  version "3.215.0"
  resolved "https://registry.npmjs.org/@aws-sdk/middleware-serde/-/middleware-serde-3.215.0.tgz"
  dependencies:
    "@aws-sdk/types" "3.215.0"
    tslib "^2.3.1"

"@aws-sdk/middleware-signing@3.215.0":
  version "3.215.0"
  resolved "https://registry.npmjs.org/@aws-sdk/middleware-signing/-/middleware-signing-3.215.0.tgz"
  dependencies:
    "@aws-sdk/property-provider" "3.215.0"
    "@aws-sdk/protocol-http" "3.215.0"
    "@aws-sdk/signature-v4" "3.215.0"
    "@aws-sdk/types" "3.215.0"
    "@aws-sdk/util-middleware" "3.215.0"
    tslib "^2.3.1"

"@aws-sdk/middleware-stack@3.215.0":
  version "3.215.0"
  resolved "https://registry.npmjs.org/@aws-sdk/middleware-stack/-/middleware-stack-3.215.0.tgz"
  dependencies:
    tslib "^2.3.1"

"@aws-sdk/middleware-user-agent@3.215.0":
  version "3.215.0"
  resolved "https://registry.npmjs.org/@aws-sdk/middleware-user-agent/-/middleware-user-agent-3.215.0.tgz"
  dependencies:
    "@aws-sdk/protocol-http" "3.215.0"
    "@aws-sdk/types" "3.215.0"
    tslib "^2.3.1"

"@aws-sdk/node-config-provider@3.215.0":
  version "3.215.0"
  resolved "https://registry.npmjs.org/@aws-sdk/node-config-provider/-/node-config-provider-3.215.0.tgz"
  dependencies:
    "@aws-sdk/property-provider" "3.215.0"
    "@aws-sdk/shared-ini-file-loader" "3.215.0"
    "@aws-sdk/types" "3.215.0"
    tslib "^2.3.1"

"@aws-sdk/node-http-handler@3.215.0":
  version "3.215.0"
  resolved "https://registry.npmjs.org/@aws-sdk/node-http-handler/-/node-http-handler-3.215.0.tgz"
  dependencies:
    "@aws-sdk/abort-controller" "3.215.0"
    "@aws-sdk/protocol-http" "3.215.0"
    "@aws-sdk/querystring-builder" "3.215.0"
    "@aws-sdk/types" "3.215.0"
    tslib "^2.3.1"

"@aws-sdk/property-provider@3.215.0":
  version "3.215.0"
  resolved "https://registry.npmjs.org/@aws-sdk/property-provider/-/property-provider-3.215.0.tgz"
  dependencies:
    "@aws-sdk/types" "3.215.0"
    tslib "^2.3.1"

"@aws-sdk/protocol-http@3.215.0":
  version "3.215.0"
  resolved "https://registry.npmjs.org/@aws-sdk/protocol-http/-/protocol-http-3.215.0.tgz"
  dependencies:
    "@aws-sdk/types" "3.215.0"
    tslib "^2.3.1"

"@aws-sdk/querystring-builder@3.215.0":
  version "3.215.0"
  resolved "https://registry.npmjs.org/@aws-sdk/querystring-builder/-/querystring-builder-3.215.0.tgz"
  dependencies:
    "@aws-sdk/types" "3.215.0"
    "@aws-sdk/util-uri-escape" "3.201.0"
    tslib "^2.3.1"

"@aws-sdk/querystring-parser@3.215.0":
  version "3.215.0"
  resolved "https://registry.npmjs.org/@aws-sdk/querystring-parser/-/querystring-parser-3.215.0.tgz"
  dependencies:
    "@aws-sdk/types" "3.215.0"
    tslib "^2.3.1"

"@aws-sdk/service-error-classification@3.215.0":
  version "3.215.0"
  resolved "https://registry.npmjs.org/@aws-sdk/service-error-classification/-/service-error-classification-3.215.0.tgz"

"@aws-sdk/shared-ini-file-loader@3.215.0":
  version "3.215.0"
  resolved "https://registry.npmjs.org/@aws-sdk/shared-ini-file-loader/-/shared-ini-file-loader-3.215.0.tgz"
  dependencies:
    "@aws-sdk/types" "3.215.0"
    tslib "^2.3.1"

"@aws-sdk/signature-v4@3.215.0":
  version "3.215.0"
  resolved "https://registry.npmjs.org/@aws-sdk/signature-v4/-/signature-v4-3.215.0.tgz"
  dependencies:
    "@aws-sdk/is-array-buffer" "3.201.0"
    "@aws-sdk/types" "3.215.0"
    "@aws-sdk/util-hex-encoding" "3.201.0"
    "@aws-sdk/util-middleware" "3.215.0"
    "@aws-sdk/util-uri-escape" "3.201.0"
    tslib "^2.3.1"

"@aws-sdk/smithy-client@3.215.0":
  version "3.215.0"
  resolved "https://registry.npmjs.org/@aws-sdk/smithy-client/-/smithy-client-3.215.0.tgz"
  dependencies:
    "@aws-sdk/middleware-stack" "3.215.0"
    "@aws-sdk/types" "3.215.0"
    tslib "^2.3.1"

"@aws-sdk/token-providers@3.216.0":
  version "3.216.0"
  resolved "https://registry.npmjs.org/@aws-sdk/token-providers/-/token-providers-3.216.0.tgz"
  dependencies:
    "@aws-sdk/client-sso-oidc" "3.216.0"
    "@aws-sdk/property-provider" "3.215.0"
    "@aws-sdk/shared-ini-file-loader" "3.215.0"
    "@aws-sdk/types" "3.215.0"
    tslib "^2.3.1"

"@aws-sdk/types@3.215.0", "@aws-sdk/types@^3.1.0", "@aws-sdk/types@^3.110.0":
  version "3.215.0"
  resolved "https://registry.npmjs.org/@aws-sdk/types/-/types-3.215.0.tgz"

"@aws-sdk/url-parser@3.215.0":
  version "3.215.0"
  resolved "https://registry.npmjs.org/@aws-sdk/url-parser/-/url-parser-3.215.0.tgz"
  dependencies:
    "@aws-sdk/querystring-parser" "3.215.0"
    "@aws-sdk/types" "3.215.0"
    tslib "^2.3.1"

"@aws-sdk/util-base64@3.208.0":
  version "3.208.0"
  resolved "https://registry.npmjs.org/@aws-sdk/util-base64/-/util-base64-3.208.0.tgz"
  dependencies:
    "@aws-sdk/util-buffer-from" "3.208.0"
    tslib "^2.3.1"

"@aws-sdk/util-body-length-browser@3.188.0":
  version "3.188.0"
  resolved "https://registry.npmjs.org/@aws-sdk/util-body-length-browser/-/util-body-length-browser-3.188.0.tgz"
  dependencies:
    tslib "^2.3.1"

"@aws-sdk/util-body-length-node@3.208.0":
  version "3.208.0"
  resolved "https://registry.npmjs.org/@aws-sdk/util-body-length-node/-/util-body-length-node-3.208.0.tgz"
  dependencies:
    tslib "^2.3.1"

"@aws-sdk/util-buffer-from@3.208.0":
  version "3.208.0"
  resolved "https://registry.npmjs.org/@aws-sdk/util-buffer-from/-/util-buffer-from-3.208.0.tgz"
  dependencies:
    "@aws-sdk/is-array-buffer" "3.201.0"
    tslib "^2.3.1"

"@aws-sdk/util-config-provider@3.208.0":
  version "3.208.0"
  resolved "https://registry.npmjs.org/@aws-sdk/util-config-provider/-/util-config-provider-3.208.0.tgz"
  dependencies:
    tslib "^2.3.1"

"@aws-sdk/util-defaults-mode-browser@3.215.0":
  version "3.215.0"
  resolved "https://registry.npmjs.org/@aws-sdk/util-defaults-mode-browser/-/util-defaults-mode-browser-3.215.0.tgz"
  dependencies:
    "@aws-sdk/property-provider" "3.215.0"
    "@aws-sdk/types" "3.215.0"
    bowser "^2.11.0"
    tslib "^2.3.1"

"@aws-sdk/util-defaults-mode-node@3.215.0":
  version "3.215.0"
  resolved "https://registry.npmjs.org/@aws-sdk/util-defaults-mode-node/-/util-defaults-mode-node-3.215.0.tgz"
  dependencies:
    "@aws-sdk/config-resolver" "3.215.0"
    "@aws-sdk/credential-provider-imds" "3.215.0"
    "@aws-sdk/node-config-provider" "3.215.0"
    "@aws-sdk/property-provider" "3.215.0"
    "@aws-sdk/types" "3.215.0"
    tslib "^2.3.1"

"@aws-sdk/util-endpoints@3.216.0":
  version "3.216.0"
  resolved "https://registry.npmjs.org/@aws-sdk/util-endpoints/-/util-endpoints-3.216.0.tgz"
  dependencies:
    "@aws-sdk/types" "3.215.0"
    tslib "^2.3.1"

"@aws-sdk/util-hex-encoding@3.201.0":
  version "3.201.0"
  resolved "https://registry.npmjs.org/@aws-sdk/util-hex-encoding/-/util-hex-encoding-3.201.0.tgz"
  dependencies:
    tslib "^2.3.1"

"@aws-sdk/util-locate-window@^3.0.0":
  version "3.208.0"
  resolved "https://registry.npmjs.org/@aws-sdk/util-locate-window/-/util-locate-window-3.208.0.tgz"
  dependencies:
    tslib "^2.3.1"

"@aws-sdk/util-middleware@3.215.0":
  version "3.215.0"
  resolved "https://registry.npmjs.org/@aws-sdk/util-middleware/-/util-middleware-3.215.0.tgz"
  dependencies:
    tslib "^2.3.1"

"@aws-sdk/util-uri-escape@3.201.0":
  version "3.201.0"
  resolved "https://registry.npmjs.org/@aws-sdk/util-uri-escape/-/util-uri-escape-3.201.0.tgz"
  dependencies:
    tslib "^2.3.1"

"@aws-sdk/util-user-agent-browser@3.215.0":
  version "3.215.0"
  resolved "https://registry.npmjs.org/@aws-sdk/util-user-agent-browser/-/util-user-agent-browser-3.215.0.tgz"
  dependencies:
    "@aws-sdk/types" "3.215.0"
    bowser "^2.11.0"
    tslib "^2.3.1"

"@aws-sdk/util-user-agent-node@3.215.0":
  version "3.215.0"
  resolved "https://registry.npmjs.org/@aws-sdk/util-user-agent-node/-/util-user-agent-node-3.215.0.tgz"
  dependencies:
    "@aws-sdk/node-config-provider" "3.215.0"
    "@aws-sdk/types" "3.215.0"
    tslib "^2.3.1"

"@aws-sdk/util-utf8-browser@3.188.0", "@aws-sdk/util-utf8-browser@^3.0.0":
  version "3.188.0"
  resolved "https://registry.npmjs.org/@aws-sdk/util-utf8-browser/-/util-utf8-browser-3.188.0.tgz"
  dependencies:
    tslib "^2.3.1"

"@aws-sdk/util-utf8-node@3.208.0":
  version "3.208.0"
  resolved "https://registry.npmjs.org/@aws-sdk/util-utf8-node/-/util-utf8-node-3.208.0.tgz"
  dependencies:
    "@aws-sdk/util-buffer-from" "3.208.0"
    tslib "^2.3.1"

"@mongodb-js/saslprep@^1.1.0":
  version "1.4.6"
  resolved "https://registry.yarnpkg.com/@mongodb-js/saslprep/-/saslprep-1.4.6.tgz#2edf5819fa0e69d86059f44d1fe57ae9d7817c12"
  dependencies:
    sparse-bitfield "^3.0.3"

"@types/node@*":
  version "18.11.9"
  resolved "https://registry.npmjs.org/@types/node/-/node-18.11.9.tgz"

"@types/webidl-conversions@*":
  version "7.0.0"
  resolved "https://registry.npmjs.org/@types/webidl-conversions/-/webidl-conversions-7.0.0.tgz"

"@types/whatwg-url@^8.2.1":
  version "8.2.2"
  resolved "https://registry.npmjs.org/@types/whatwg-url/-/whatwg-url-8.2.2.tgz"
  dependencies:
    "@types/node" "*"
    "@types/webidl-conversions" "*"

abbrev@1:
  version "1.1.1"
  resolved "https://registry.npmjs.org/abbrev/-/abbrev-1.1.1.tgz"

accepts@~1.3.8:
  version "1.3.8"
  resolved "https://registry.npmjs.org/accepts/-/accepts-1.3.8.tgz"
  dependencies:
    mime-types "~2.1.34"
    negotiator "0.6.3"

anymatch@~3.1.2:
  version "3.1.3"
  resolved "https://registry.npmjs.org/anymatch/-/anymatch-3.1.3.tgz"
  dependencies:
    normalize-path "^3.0.0"
    picomatch "^2.0.4"

array-flatten@1.1.1:
  version "1.1.1"
  resolved "https://registry.npmjs.org/array-flatten/-/array-flatten-1.1.1.tgz"

balanced-match@^1.0.0:
  version "1.0.2"
  resolved "https://registry.npmjs.org/balanced-match/-/balanced-match-1.0.2.tgz"

base64-js@^1.3.1:
  version "1.5.1"
  resolved "https://registry.npmjs.org/base64-js/-/base64-js-1.5.1.tgz"

basic-auth@~2.0.1:
  version "2.0.1"
  resolved "https://registry.npmjs.org/basic-auth/-/basic-auth-2.0.1.tgz"
  dependencies:
    safe-buffer "5.1.2"

binary-extensions@^2.0.0:
  version "2.2.0"
  resolved "https://registry.npmjs.org/binary-extensions/-/binary-extensions-2.2.0.tgz"

body-parser@~1.20.3:
  version "1.20.4"
  resolved "https://registry.yarnpkg.com/body-parser/-/body-parser-1.20.4.tgz#f8e20f4d06ca8a50a71ed329c15dccad1cdc547f"
  dependencies:
    bytes "~3.1.2"
    content-type "~1.0.5"
    debug "2.6.9"
    depd "2.0.0"
    destroy "~1.2.0"
    http-errors "~2.0.1"
    iconv-lite "~0.4.24"
    on-finished "~2.4.1"
    qs "~6.14.0"
    raw-body "~2.5.3"
    type-is "~1.6.18"
    unpipe "~1.0.0"

bowser@^2.11.0:
  version "2.11.0"
  resolved "https://registry.npmjs.org/bowser/-/bowser-2.11.0.tgz"

brace-expansion@^1.1.7:
  version "1.1.14"
  resolved "https://registry.yarnpkg.com/brace-expansion/-/brace-expansion-1.1.14.tgz#d9de602370d91347cd9ddad1224d4fd701eb348b"
  dependencies:
    balanced-match "^1.0.0"
    concat-map "0.0.1"

braces@~3.0.2:
  version "3.0.3"
  resolved "https://registry.yarnpkg.com/braces/-/braces-3.0.3.tgz#490332f40919452272d55a8480adc0c441358789"
  dependencies:
    fill-range "^7.1.1"

bson@^4.7.2:
  version "4.7.2"
  resolved "https://registry.yarnpkg.com/bson/-/bson-4.7.2.tgz#320f4ad0eaf5312dd9b45dc369cc48945e2a5f2e"
  dependencies:
    buffer "^5.6.0"

buffer@^5.6.0:
  version "5.7.1"
  resolved "https://registry.npmjs.org/buffer/-/buffer-5.7.1.tgz"
  dependencies:
    base64-js "^1.3.1"
    ieee754 "^1.1.13"

bytes@~3.1.2:
  version "3.1.2"
  resolved "https://registry.yarnpkg.com/bytes/-/bytes-3.1.2.tgz#8b0beeb98605adf1b128fa4386403c009e0221a5"

call-bind-apply-helpers@^1.0.1, call-bind-apply-helpers@^1.0.2:
  version "1.0.2"
  resolved "https://registry.yarnpkg.com/call-bind-apply-helpers/-/call-bind-apply-helpers-1.0.2.tgz#4b5428c222be985d79c3d82657479dbe0b59b2d6"
  dependencies:
    es-errors "^1.3.0"
    function-bind "^1.1.2"

call-bound@^1.0.2:
  version "1.0.4"
  resolved "https://registry.yarnpkg.com/call-bound/-/call-bound-1.0.4.tgz#238de935d2a2a692928c538c7ccfa91067fd062a"
  dependencies:
    call-bind-apply-helpers "^1.0.2"
    get-intrinsic "^1.3.0"

chokidar@^3.5.2:
  version "3.5.3"
  resolved "https://registry.npmjs.org/chokidar/-/chokidar-3.5.3.tgz"
  dependencies:
    anymatch "~3.1.2"
    braces "~3.0.2"
    glob-parent "~5.1.2"
    is-binary-path "~2.1.0"
    is-glob "~4.0.1"
    normalize-path "~3.0.0"
    readdirp "~3.6.0"
  optionalDependencies:
    fsevents "~2.3.2"

concat-map@0.0.1:
  version "0.0.1"
  resolved "https://registry.npmjs.org/concat-map/-/concat-map-0.0.1.tgz"

content-disposition@~0.5.4:
  version "0.5.4"
  resolved "https://registry.yarnpkg.com/content-disposition/-/content-disposition-0.5.4.tgz#8b82b4efac82512a02bb0b1dcec9d2c5e8eb5bfe"
  dependencies:
    safe-buffer "5.2.1"

content-type@~1.0.4, content-type@~1.0.5:
  version "1.0.5"
  resolved "https://registry.yarnpkg.com/content-type/-/content-type-1.0.5.tgz#8b773162656d1d1086784c8f23a54ce6d73d7918"

cookie-signature@~1.0.6:
  version "1.0.7"
  resolved "https://registry.yarnpkg.com/cookie-signature/-/cookie-signature-1.0.7.tgz#ab5dd7ab757c54e60f37ef6550f481c426d10454"

cookie@~0.7.1:
  version "0.7.2"
  resolved "https://registry.yarnpkg.com/cookie/-/cookie-0.7.2.tgz#556369c472a2ba910f2979891b526b3436237ed7"

cors@^2.8.5:
  version "2.8.5"
  resolved "https://registry.npmjs.org/cors/-/cors-2.8.5.tgz"
  dependencies:
    object-assign "^4"
    vary "^1"

cross-fetch@^3.0.6:
  version "3.1.5"
  resolved "https://registry.npmjs.org/cross-fetch/-/cross-fetch-3.1.5.tgz"
  dependencies:
    node-fetch "2.6.7"

debug@2.6.9:
  version "2.6.9"
  resolved "https://registry.npmjs.org/debug/-/debug-2.6.9.tgz"
  dependencies:
    ms "2.0.0"

debug@^3.2.7:
  version "3.2.7"
  resolved "https://registry.npmjs.org/debug/-/debug-3.2.7.tgz"
  dependencies:
    ms "^2.1.1"

depd@2.0.0, depd@~2.0.0:
  version "2.0.0"
  resolved "https://registry.npmjs.org/depd/-/depd-2.0.0.tgz"

destroy@1.2.0, destroy@~1.2.0:
  version "1.2.0"
  resolved "https://registry.npmjs.org/destroy/-/destroy-1.2.0.tgz"

dotenv@^16.0.3:
  version "16.0.3"
  resolved "https://registry.npmjs.org/dotenv/-/dotenv-16.0.3.tgz"

dotenv@^8.2.0:
  version "8.6.0"
  resolved "https://registry.npmjs.org/dotenv/-/dotenv-8.6.0.tgz"

dunder-proto@^1.0.1:
  version "1.0.1"
  resolved "https://registry.yarnpkg.com/dunder-proto/-/dunder-proto-1.0.1.tgz#d7ae667e1dc83482f8b70fd0f6eefc50da30f58a"
  dependencies:
    call-bind-apply-helpers "^1.0.1"
    es-errors "^1.3.0"
    gopd "^1.2.0"

ee-first@1.1.1:
  version "1.1.1"
  resolved "https://registry.npmjs.org/ee-first/-/ee-first-1.1.1.tgz"

encodeurl@~2.0.0:
  version "2.0.0"
  resolved "https://registry.yarnpkg.com/encodeurl/-/encodeurl-2.0.0.tgz#7b8ea898077d7e409d3ac45474ea38eaf0857a58"

es-define-property@^1.0.1:
  version "1.0.1"
  resolved "https://registry.yarnpkg.com/es-define-property/-/es-define-property-1.0.1.tgz#983eb2f9a6724e9303f61addf011c72e09e0b0fa"

es-errors@^1.3.0:
  version "1.3.0"
  resolved "https://registry.yarnpkg.com/es-errors/-/es-errors-1.3.0.tgz#05f75a25dab98e4fb1dcd5e1472c0546d5057c8f"

es-object-atoms@^1.0.0, es-object-atoms@^1.1.1:
  version "1.1.1"
  resolved "https://registry.yarnpkg.com/es-object-atoms/-/es-object-atoms-1.1.1.tgz#1c4f2c4837327597ce69d2ca190a7fdd172338c1"
  dependencies:
    es-errors "^1.3.0"

escape-html@~1.0.3:
  version "1.0.3"
  resolved "https://registry.npmjs.org/escape-html/-/escape-html-1.0.3.tgz"

etag@~1.8.1:
  version "1.8.1"
  resolved "https://registry.npmjs.org/etag/-/etag-1.8.1.tgz"

express@^4.22.0:
  version "4.22.0"
  resolved "https://registry.yarnpkg.com/express/-/express-4.22.0.tgz#a9d7abdce6d774ed1b4479019387763d1798bd03"
  dependencies:
    accepts "~1.3.8"
    array-flatten "1.1.1"
    body-parser "~1.20.3"
    content-disposition "~0.5.4"
    content-type "~1.0.4"
    cookie "~0.7.1"
    cookie-signature "~1.0.6"
    debug "2.6.9"
    depd "2.0.0"
    encodeurl "~2.0.0"
    escape-html "~1.0.3"
    etag "~1.8.1"
    finalhandler "~1.3.1"
    fresh "~0.5.2"
    http-errors "~2.0.0"
    merge-descriptors "1.0.3"
    methods "~1.1.2"
    on-finished "~2.4.1"
    parseurl "~1.3.3"
    path-to-regexp "~0.1.12"
    proxy-addr "~2.0.7"
    qs "~6.14.0"
    range-parser "~1.2.1"
    safe-buffer "5.2.1"
    send "~0.19.0"
    serve-static "~1.16.2"
    setprototypeof "1.2.0"
    statuses "~2.0.1"
    type-is "~1.6.18"
    utils-merge "1.0.1"
    vary "~1.1.2"

fast-xml-parser@4.0.11:
  version "4.0.11"
  resolved "https://registry.npmjs.org/fast-xml-parser/-/fast-xml-parser-4.0.11.tgz"
  dependencies:
    strnum "^1.0.5"

fill-range@^7.1.1:
  version "7.1.1"
  resolved "https://registry.yarnpkg.com/fill-range/-/fill-range-7.1.1.tgz#44265d3cac07e3ea7dc247516380643754a05292"
  dependencies:
    to-regex-range "^5.0.1"

finalhandler@~1.3.1:
  version "1.3.2"
  resolved "https://registry.yarnpkg.com/finalhandler/-/finalhandler-1.3.2.tgz#1ebc2228fc7673aac4a472c310cc05b77d852b88"
  dependencies:
    debug "2.6.9"
    encodeurl "~2.0.0"
    escape-html "~1.0.3"
    on-finished "~2.4.1"
    parseurl "~1.3.3"
    statuses "~2.0.2"
    unpipe "~1.0.0"

follow-redirects@^1.16.0:
  version "1.16.0"
  resolved "https://registry.yarnpkg.com/follow-redirects/-/follow-redirects-1.16.0.tgz#28474a159d3b9d11ef62050a14ed60e4df6d61bc"

forwarded@0.2.0:
  version "0.2.0"
  resolved "https://registry.npmjs.org/forwarded/-/forwarded-0.2.0.tgz"

fresh@~0.5.2:
  version "0.5.2"
  resolved "https://registry.yarnpkg.com/fresh/-/fresh-0.5.2.tgz#3d8cadd90d976569fa835ab1f8e4b23a105605a7"

fs@^0.0.1-security:
  version "0.0.1-security"
  resolved "https://registry.npmjs.org/fs/-/fs-0.0.1-security.tgz"

fsevents@~2.3.2:
  version "2.3.3"
  resolved "https://registry.yarnpkg.com/fsevents/-/fsevents-2.3.3.tgz#cac6407785d03675a2a5e1a5305c697b347d90d6"

function-bind@^1.1.2:
  version "1.1.2"
  resolved "https://registry.yarnpkg.com/function-bind/-/function-bind-1.1.2.tgz#2c02d864d97f3ea6c8830c464cbd11ab6eab7a1c"

get-intrinsic@^1.2.5, get-intrinsic@^1.3.0:
  version "1.3.0"
  resolved "https://registry.yarnpkg.com/get-intrinsic/-/get-intrinsic-1.3.0.tgz#743f0e3b6964a93a5491ed1bffaae054d7f98d01"
  dependencies:
    call-bind-apply-helpers "^1.0.2"
    es-define-property "^1.0.1"
    es-errors "^1.3.0"
    es-object-atoms "^1.1.1"
    function-bind "^1.1.2"
    get-proto "^1.0.1"
    gopd "^1.2.0"
    has-symbols "^1.1.0"
    hasown "^2.0.2"
    math-intrinsics "^1.1.0"

get-proto@^1.0.1:
  version "1.0.1"
  resolved "https://registry.yarnpkg.com/get-proto/-/get-proto-1.0.1.tgz#150b3f2743869ef3e851ec0c49d15b1d14d00ee1"
  dependencies:
    dunder-proto "^1.0.1"
    es-object-atoms "^1.0.0"

glob-parent@~5.1.2:
  version "5.1.2"
  resolved "https://registry.npmjs.org/glob-parent/-/glob-parent-5.1.2.tgz"
  dependencies:
    is-glob "^4.0.1"

gopd@^1.2.0:
  version "1.2.0"
  resolved "https://registry.yarnpkg.com/gopd/-/gopd-1.2.0.tgz#89f56b8217bdbc8802bd299df6d7f1081d7e51a1"

has-flag@^3.0.0:
  version "3.0.0"
  resolved "https://registry.npmjs.org/has-flag/-/has-flag-3.0.0.tgz"

has-symbols@^1.1.0:
  version "1.1.0"
  resolved "https://registry.yarnpkg.com/has-symbols/-/has-symbols-1.1.0.tgz#fc9c6a783a084951d0b971fe1018de813707a338"

hasown@^2.0.2:
  version "2.0.2"
  resolved "https://registry.yarnpkg.com/hasown/-/hasown-2.0.2.tgz#003eaf91be7adc372e84ec59dc37252cedb80003"
  dependencies:
    function-bind "^1.1.2"

helmet@^6.0.0:
  version "6.0.0"
  resolved "https://registry.npmjs.org/helmet/-/helmet-6.0.0.tgz"

http-errors@~2.0.0, http-errors@~2.0.1:
  version "2.0.1"
  resolved "https://registry.yarnpkg.com/http-errors/-/http-errors-2.0.1.tgz#36d2f65bc909c8790018dd36fb4d93da6caae06b"
  dependencies:
    depd "~2.0.0"
    inherits "~2.0.4"
    setprototypeof "~1.2.0"
    statuses "~2.0.2"
    toidentifier "~1.0.1"

iconv-lite@~0.4.24:
  version "0.4.24"
  resolved "https://registry.yarnpkg.com/iconv-lite/-/iconv-lite-0.4.24.tgz#2022b4b25fbddc21d2f524974a474aafe733908b"
  dependencies:
    safer-buffer ">= 2.1.2 < 3"

ieee754@^1.1.13:
  version "1.2.1"
  resolved "https://registry.npmjs.org/ieee754/-/ieee754-1.2.1.tgz"

ignore-by-default@^1.0.1:
  version "1.0.1"
  resolved "https://registry.npmjs.org/ignore-by-default/-/ignore-by-default-1.0.1.tgz"

inherits@~2.0.4:
  version "2.0.4"
  resolved "https://registry.yarnpkg.com/inherits/-/inherits-2.0.4.tgz#0fa2c64f932917c3433a0ded55363aae37416b7c"

ip@^2.0.0:
  version "2.0.0"
  resolved "https://registry.npmjs.org/ip/-/ip-2.0.0.tgz"

ipaddr.js@1.9.1:
  version "1.9.1"
  resolved "https://registry.npmjs.org/ipaddr.js/-/ipaddr.js-1.9.1.tgz"

is-binary-path@~2.1.0:
  version "2.1.0"
  resolved "https://registry.npmjs.org/is-binary-path/-/is-binary-path-2.1.0.tgz"
  dependencies:
    binary-extensions "^2.0.0"

is-extglob@^2.1.1:
  version "2.1.1"
  resolved "https://registry.npmjs.org/is-extglob/-/is-extglob-2.1.1.tgz"

is-glob@^4.0.1, is-glob@~4.0.1:
  version "4.0.3"
  resolved "https://registry.npmjs.org/is-glob/-/is-glob-4.0.3.tgz"
  dependencies:
    is-extglob "^2.1.1"

is-number@^7.0.0:
  version "7.0.0"
  resolved "https://registry.npmjs.org/is-number/-/is-number-7.0.0.tgz"

math-intrinsics@^1.1.0:
  version "1.1.0"
  resolved "https://registry.yarnpkg.com/math-intrinsics/-/math-intrinsics-1.1.0.tgz#a0dd74be81e2aa5c2f27e65ce283605ee4e2b7f9"

media-typer@0.3.0:
  version "0.3.0"
  resolved "https://registry.npmjs.org/media-typer/-/media-typer-0.3.0.tgz"

memory-pager@^1.0.2:
  version "1.5.0"
  resolved "https://registry.npmjs.org/memory-pager/-/memory-pager-1.5.0.tgz"

merge-descriptors@1.0.3:
  version "1.0.3"
  resolved "https://registry.yarnpkg.com/merge-descriptors/-/merge-descriptors-1.0.3.tgz#d80319a65f3c7935351e5cfdac8f9318504dbed5"

methods@~1.1.2:
  version "1.1.2"
  resolved "https://registry.npmjs.org/methods/-/methods-1.1.2.tgz"

mime-db@1.52.0:
  version "1.52.0"
  resolved "https://registry.npmjs.org/mime-db/-/mime-db-1.52.0.tgz"

mime-types@~2.1.24, mime-types@~2.1.34:
  version "2.1.35"
  resolved "https://registry.npmjs.org/mime-types/-/mime-types-2.1.35.tgz"
  dependencies:
    mime-db "1.52.0"

mime@1.6.0:
  version "1.6.0"
  resolved "https://registry.npmjs.org/mime/-/mime-1.6.0.tgz"

minimatch@^3.1.2:
  version "3.1.5"
  resolved "https://registry.yarnpkg.com/minimatch/-/minimatch-3.1.5.tgz#580c88f8d5445f2bd6aa8f3cadefa0de79fbd69e"
  dependencies:
    brace-expansion "^1.1.7"

mongodb-connection-string-url@^2.6.0:
  version "2.6.0"
  resolved "https://registry.yarnpkg.com/mongodb-connection-string-url/-/mongodb-connection-string-url-2.6.0.tgz#57901bf352372abdde812c81be47b75c6b2ec5cf"
  dependencies:
    "@types/whatwg-url" "^8.2.1"
    whatwg-url "^11.0.0"

mongodb@^4.17.0:
  version "4.17.0"
  resolved "https://registry.yarnpkg.com/mongodb/-/mongodb-4.17.0.tgz#10202357c1a5910ce9a4aecb4e5f79df500db31c"
  dependencies:
    bson "^4.7.2"
    mongodb-connection-string-url "^2.6.0"
    socks "^2.7.1"
  optionalDependencies:
    "@aws-sdk/credential-providers" "^3.186.0"
    "@mongodb-js/saslprep" "^1.1.0"

morgan@^1.11.0:
  version "1.11.0"
  resolved "https://registry.yarnpkg.com/morgan/-/morgan-1.11.0.tgz#98464b8538802f14e9e5374ebe23ac364cd617e8"
  dependencies:
    basic-auth "~2.0.1"
    debug "2.6.9"
    depd "~2.0.0"
    on-finished "~2.4.1"
    on-headers "~1.1.0"

ms@2.0.0:
  version "2.0.0"
  resolved "https://registry.npmjs.org/ms/-/ms-2.0.0.tgz"

ms@2.1.3, ms@^2.1.1:
  version "2.1.3"
  resolved "https://registry.npmjs.org/ms/-/ms-2.1.3.tgz"

negotiator@0.6.3:
  version "0.6.3"
  resolved "https://registry.npmjs.org/negotiator/-/negotiator-0.6.3.tgz"

node-fetch@2.6.7:
  version "2.6.7"
  resolved "https://registry.npmjs.org/node-fetch/-/node-fetch-2.6.7.tgz"
  dependencies:
    whatwg-url "^5.0.0"

nodemon@^2.0.20:
  version "2.0.20"
  resolved "https://registry.npmjs.org/nodemon/-/nodemon-2.0.20.tgz"
  dependencies:
    chokidar "^3.5.2"
    debug "^3.2.7"
    ignore-by-default "^1.0.1"
    minimatch "^3.1.2"
    pstree.remy "^1.1.8"
    semver "^5.7.1"
    simple-update-notifier "^1.0.7"
    supports-color "^5.5.0"
    touch "^3.1.0"
    undefsafe "^2.0.5"

nopt@~1.0.10:
  version "1.0.10"
  resolved "https://registry.npmjs.org/nopt/-/nopt-1.0.10.tgz"
  dependencies:
    abbrev "1"

normalize-path@^3.0.0, normalize-path@~3.0.0:
  version "3.0.0"
  resolved "https://registry.npmjs.org/normalize-path/-/normalize-path-3.0.0.tgz"

object-assign@^4:
  version "4.1.1"
  resolved "https://registry.npmjs.org/object-assign/-/object-assign-4.1.1.tgz"

object-inspect@^1.13.3:
  version "1.13.4"
  resolved "https://registry.yarnpkg.com/object-inspect/-/object-inspect-1.13.4.tgz#8375265e21bc20d0fa582c22e1b13485d6e00213"

on-finished@~2.4.1:
  version "2.4.1"
  resolved "https://registry.yarnpkg.com/on-finished/-/on-finished-2.4.1.tgz#58c8c44116e54845ad57f14ab10b03533184ac3f"
  dependencies:
    ee-first "1.1.1"

on-headers@~1.1.0:
  version "1.1.0"
  resolved "https://registry.yarnpkg.com/on-headers/-/on-headers-1.1.0.tgz#59da4f91c45f5f989c6e4bcedc5a3b0aed70ff65"

opencage-api-client@^1.0.0:
  version "1.0.0"
  resolved "https://registry.npmjs.org/opencage-api-client/-/opencage-api-client-1.0.0.tgz"
  dependencies:
    cross-fetch "^3.0.6"
    dotenv "^8.2.0"

parseurl@~1.3.3:
  version "1.3.3"
  resolved "https://registry.npmjs.org/parseurl/-/parseurl-1.3.3.tgz"

path-to-regexp@~0.1.12:
  version "0.1.13"
  resolved "https://registry.yarnpkg.com/path-to-regexp/-/path-to-regexp-0.1.13.tgz#9b22ec16bc3ab88d05a0c7e369869421401ab17d"

picomatch@^2.0.4, picomatch@^2.2.1:
  version "2.3.2"
  resolved "https://registry.yarnpkg.com/picomatch/-/picomatch-2.3.2.tgz#5a942915e26b372dc0f0e6753149a16e6b1c5601"

proxy-addr@~2.0.7:
  version "2.0.7"
  resolved "https://registry.npmjs.org/proxy-addr/-/proxy-addr-2.0.7.tgz"
  dependencies:
    forwarded "0.2.0"
    ipaddr.js "1.9.1"

pstree.remy@^1.1.8:
  version "1.1.8"
  resolved "https://registry.npmjs.org/pstree.remy/-/pstree.remy-1.1.8.tgz"

punycode@^2.1.1:
  version "2.1.1"
  resolved "https://registry.npmjs.org/punycode/-/punycode-2.1.1.tgz"

qs@~6.14.0:
  version "6.14.2"
  resolved "https://registry.yarnpkg.com/qs/-/qs-6.14.2.tgz#b5634cf9d9ad9898e31fba3504e866e8efb6798c"
  dependencies:
    side-channel "^1.1.0"

range-parser@~1.2.1:
  version "1.2.1"
  resolved "https://registry.npmjs.org/range-parser/-/range-parser-1.2.1.tgz"

raw-body@~2.5.3:
  version "2.5.3"
  resolved "https://registry.yarnpkg.com/raw-body/-/raw-body-2.5.3.tgz#11c6650ee770a7de1b494f197927de0c923822e2"
  dependencies:
    bytes "~3.1.2"
    http-errors "~2.0.1"
    iconv-lite "~0.4.24"
    unpipe "~1.0.0"

readdirp@~3.6.0:
  version "3.6.0"
  resolved "https://registry.npmjs.org/readdirp/-/readdirp-3.6.0.tgz"
  dependencies:
    picomatch "^2.2.1"

safe-buffer@5.1.2:
  version "5.1.2"
  resolved "https://registry.npmjs.org/safe-buffer/-/safe-buffer-5.1.2.tgz"

safe-buffer@5.2.1:
  version "5.2.1"
  resolved "https://registry.npmjs.org/safe-buffer/-/safe-buffer-5.2.1.tgz"

"safer-buffer@>= 2.1.2 < 3":
  version "2.1.2"
  resolved "https://registry.npmjs.org/safer-buffer/-/safer-buffer-2.1.2.tgz"

semver@^5.7.1:
  version "5.7.1"
  resolved "https://registry.npmjs.org/semver/-/semver-5.7.1.tgz"

semver@~7.0.0:
  version "7.0.0"
  resolved "https://registry.npmjs.org/semver/-/semver-7.0.0.tgz"

send@~0.19.0, send@~0.19.1:
  version "0.19.2"
  resolved "https://registry.yarnpkg.com/send/-/send-0.19.2.tgz#59bc0da1b4ea7ad42736fd642b1c4294e114ff29"
  dependencies:
    debug "2.6.9"
    depd "2.0.0"
    destroy "1.2.0"
    encodeurl "~2.0.0"
    escape-html "~1.0.3"
    etag "~1.8.1"
    fresh "~0.5.2"
    http-errors "~2.0.1"
    mime "1.6.0"
    ms "2.1.3"
    on-finished "~2.4.1"
    range-parser "~1.2.1"
    statuses "~2.0.2"

serve-static@~1.16.2:
  version "1.16.3"
  resolved "https://registry.yarnpkg.com/serve-static/-/serve-static-1.16.3.tgz#a97b74d955778583f3862a4f0b841eb4d5d78cf9"
  dependencies:
    encodeurl "~2.0.0"
    escape-html "~1.0.3"
    parseurl "~1.3.3"
    send "~0.19.1"

setprototypeof@1.2.0, setprototypeof@~1.2.0:
  version "1.2.0"
  resolved "https://registry.npmjs.org/setprototypeof/-/setprototypeof-1.2.0.tgz"

side-channel-list@^1.0.0:
  version "1.0.0"
  resolved "https://registry.yarnpkg.com/side-channel-list/-/side-channel-list-1.0.0.tgz#10cb5984263115d3b7a0e336591e290a830af8ad"
  dependencies:
    es-errors "^1.3.0"
    object-inspect "^1.13.3"

side-channel-map@^1.0.1:
  version "1.0.1"
  resolved "https://registry.yarnpkg.com/side-channel-map/-/side-channel-map-1.0.1.tgz#d6bb6b37902c6fef5174e5f533fab4c732a26f42"
  dependencies:
    call-bound "^1.0.2"
    es-errors "^1.3.0"
    get-intrinsic "^1.2.5"
    object-inspect "^1.13.3"

side-channel-weakmap@^1.0.2:
  version "1.0.2"
  resolved "https://registry.yarnpkg.com/side-channel-weakmap/-/side-channel-weakmap-1.0.2.tgz#11dda19d5368e40ce9ec2bdc1fb0ecbc0790ecea"
  dependencies:
    call-bound "^1.0.2"
    es-errors "^1.3.0"
    get-intrinsic "^1.2.5"
    object-inspect "^1.13.3"
    side-channel-map "^1.0.1"

side-channel@^1.1.0:
  version "1.1.0"
  resolved "https://registry.yarnpkg.com/side-channel/-/side-channel-1.1.0.tgz#c3fcff9c4da932784873335ec9765fa94ff66bc9"
  dependencies:
    es-errors "^1.3.0"
    object-inspect "^1.13.3"
    side-channel-list "^1.0.0"
    side-channel-map "^1.0.1"
    side-channel-weakmap "^1.0.2"

simple-update-notifier@^1.0.7:
  version "1.0.7"
  resolved "https://registry.npmjs.org/simple-update-notifier/-/simple-update-notifier-1.0.7.tgz"
  dependencies:
    semver "~7.0.0"

smart-buffer@^4.2.0:
  version "4.2.0"
  resolved "https://registry.npmjs.org/smart-buffer/-/smart-buffer-4.2.0.tgz"

socks@^2.7.1:
  version "2.7.1"
  resolved "https://registry.npmjs.org/socks/-/socks-2.7.1.tgz"
  dependencies:
    ip "^2.0.0"
    smart-buffer "^4.2.0"

sparse-bitfield@^3.0.3:
  version "3.0.3"
  resolved "https://registry.npmjs.org/sparse-bitfield/-/sparse-bitfield-3.0.3.tgz"
  dependencies:
    memory-pager "^1.0.2"

statuses@~2.0.1, statuses@~2.0.2:
  version "2.0.2"
  resolved "https://registry.yarnpkg.com/statuses/-/statuses-2.0.2.tgz#8f75eecef765b5e1cfcdc080da59409ed424e382"

strnum@^1.0.5:
  version "1.0.5"
  resolved "https://registry.npmjs.org/strnum/-/strnum-1.0.5.tgz"

supports-color@^5.5.0:
  version "5.5.0"
  resolved "https://registry.npmjs.org/supports-color/-/supports-color-5.5.0.tgz"
  dependencies:
    has-flag "^3.0.0"

to-regex-range@^5.0.1:
  version "5.0.1"
  resolved "https://registry.npmjs.org/to-regex-range/-/to-regex-range-5.0.1.tgz"
  dependencies:
    is-number "^7.0.0"

toidentifier@~1.0.1:
  version "1.0.1"
  resolved "https://registry.yarnpkg.com/toidentifier/-/toidentifier-1.0.1.tgz#3be34321a88a820ed1bd80dfaa33e479fbb8dd35"

touch@^3.1.0:
  version "3.1.0"
  resolved "https://registry.npmjs.org/touch/-/touch-3.1.0.tgz"
  dependencies:
    nopt "~1.0.10"

tr46@^3.0.0:
  version "3.0.0"
  resolved "https://registry.npmjs.org/tr46/-/tr46-3.0.0.tgz"
  dependencies:
    punycode "^2.1.1"

tr46@~0.0.3:
  version "0.0.3"
  resolved "https://registry.npmjs.org/tr46/-/tr46-0.0.3.tgz"

tslib@^1.11.1:
  version "1.14.1"
  resolved "https://registry.npmjs.org/tslib/-/tslib-1.14.1.tgz"

tslib@^2.3.1:
  version "2.4.1"
  resolved "https://registry.npmjs.org/tslib/-/tslib-2.4.1.tgz"

type-is@~1.6.18:
  version "1.6.18"
  resolved "https://registry.npmjs.org/type-is/-/type-is-1.6.18.tgz"
  dependencies:
    media-typer "0.3.0"
    mime-types "~2.1.24"

undefsafe@^2.0.5:
  version "2.0.5"
  resolved "https://registry.npmjs.org/undefsafe/-/undefsafe-2.0.5.tgz"

unpipe@~1.0.0:
  version "1.0.0"
  resolved "https://registry.npmjs.org/unpipe/-/unpipe-1.0.0.tgz"

utils-merge@1.0.1:
  version "1.0.1"
  resolved "https://registry.npmjs.org/utils-merge/-/utils-merge-1.0.1.tgz"

uuid@^8.3.2:
  version "8.3.2"
  resolved "https://registry.npmjs.org/uuid/-/uuid-8.3.2.tgz"

vary@^1, vary@~1.1.2:
  version "1.1.2"
  resolved "https://registry.npmjs.org/vary/-/vary-1.1.2.tgz"

webidl-conversions@^3.0.0:
  version "3.0.1"
  resolved "https://registry.npmjs.org/webidl-conversions/-/webidl-conversions-3.0.1.tgz"

webidl-conversions@^7.0.0:
  version "7.0.0"
  resolved "https://registry.npmjs.org/webidl-conversions/-/webidl-conversions-7.0.0.tgz"

whatwg-url@^11.0.0:
  version "11.0.0"
  resolved "https://registry.npmjs.org/whatwg-url/-/whatwg-url-11.0.0.tgz"
  dependencies:
    tr46 "^3.0.0"
    webidl-conversions "^7.0.0"

whatwg-url@^5.0.0:
  version "5.0.0"
  resolved "https://registry.npmjs.org/whatwg-url/-/whatwg-url-5.0.0.tgz"
  dependencies:
    tr46 "~0.0.3"
    webidl-conversions "^3.0.0"
